
Microsoft Visual Studio Solution File, Format Version 12.00
# Visual Studio Version 17
VisualStudioVersion = 17.5.002.0
MinimumVisualStudioVersion = 10.0.40219.1
Project("{9A19103F-16F7-4668-BE54-9A1E7A4F7556}") = "JwtWebApi", "JwtWebApi.csproj", "{D58969CD-99B9-4D44-B282-056584E97F12}"
EndProject
Global
	GlobalSection(SolutionConfigurationPlatforms) = preSolution
		Debug|Any CPU = Debug|Any CPU
		Release|Any CPU = Release|Any CPU
	EndGlobalSection
	GlobalSection(ProjectConfigurationPlatforms) = postSolution
		{D58969CD-99B9-4D44-B282-056584E97F12}.Debug|Any CPU.ActiveCfg = Debug|Any CPU
		{D58969CD-99B9-4D44-B282-056584E97F12}.Debug|Any CPU.Build.0 = Debug|Any CPU
		{D58969CD-99B9-4D44-B282-056584E97F12}.Release|Any CPU.ActiveCfg = Release|Any CPU
		{D58969CD-99B9-4D44-B282-056584E97F12}.Release|Any CPU.Build.0 = Release|Any CPU
	EndGlobalSection
	GlobalSection(SolutionProperties) = preSolution
		HideSolutionNode = FALSE
	EndGlobalSection
	GlobalSection(ExtensibilityGlobals) = postSolution
		SolutionGuid = {61911E24-B8A7-4649-8BE9-A340D6DEF83F}
	EndGlobalSection
EndGlobal
